
Microsoft Visual Studio Solution File, Format Version 12.00
# Visual Studio Version 16
VisualStudioVersion = 16.0.32106.194
MinimumVisualStudioVersion = 10.0.40219.1
Project("{FAE04EC0-301F-11D3-BF4B-00C04F79EFBC}") = "CmsShoppingCart", "CmsShoppingCart\CmsShoppingCart.csproj", "{F13D3D3B-E16A-445A-8DE4-B4502B406873}"
EndProject
Global
	GlobalSection(SolutionConfigurationPlatforms) = preSolution
		Debug|Any CPU = Debug|Any CPU
		Release|Any CPU = Release|Any CPU
	EndGlobalSection
	GlobalSection(ProjectConfigurationPlatforms) = postSolution
		{F13D3D3B-E16A-445A-8DE4-B4502B406873}.Debug|Any CPU.ActiveCfg = Debug|Any CPU
		{F13D3D3B-E16A-445A-8DE4-B4502B406873}.Debug|Any CPU.Build.0 = Debug|Any CPU
		{F13D3D3B-E16A-445A-8DE4-B4502B406873}.Release|Any CPU.ActiveCfg = Release|Any CPU
		{F13D3D3B-E16A-445A-8DE4-B4502B406873}.Release|Any CPU.Build.0 = Release|Any CPU
	EndGlobalSection
	GlobalSection(SolutionProperties) = preSolution
		HideSolutionNode = FALSE
	EndGlobalSection
	GlobalSection(ExtensibilityGlobals) = postSolution
		SolutionGuid = {9BA77429-9F7A-4FD8-A5EB-CB9DFF794973}
	EndGlobalSection
EndGlobal
